
Microsoft Visual Studio Solution File, Format Version 12.00
# Visual Studio Version 16
VisualStudioVersion = 16.0.33027.164
MinimumVisualStudioVersion = 10.0.40219.1
Project("{FAE04EC0-301F-11D3-BF4B-00C04F79EFBC}") = "FreebrisServer", "FreebrisServer\FreebrisServer.csproj", "{93FF8A4C-3539-4653-8501-DA2075D8D223}"
EndProject
Global
	GlobalSection(SolutionConfigurationPlatforms) = preSolution
		Debug|Any CPU = Debug|Any CPU
		Release|Any CPU = Release|Any CPU
	EndGlobalSection
	GlobalSection(ProjectConfigurationPlatforms) = postSolution
		{93FF8A4C-3539-4653-8501-DA2075D8D223}.Debug|Any CPU.ActiveCfg = Debug|Any CPU
		{93FF8A4C-3539-4653-8501-DA2075D8D223}.Debug|Any CPU.Build.0 = Debug|Any CPU
		{93FF8A4C-3539-4653-8501-DA2075D8D223}.Release|Any CPU.ActiveCfg = Release|Any CPU
		{93FF8A4C-3539-4653-8501-DA2075D8D223}.Release|Any CPU.Build.0 = Release|Any CPU
	EndGlobalSection
	GlobalSection(SolutionProperties) = preSolution
		HideSolutionNode = FALSE
	EndGlobalSection
	GlobalSection(ExtensibilityGlobals) = postSolution
		SolutionGuid = {4C0539B4-E75F-4149-BC8D-9F5595909105}
	EndGlobalSection
EndGlobal
